
Microsoft Visual Studio Solution File, Format Version 12.00
# Visual Studio 2012
Project("{2150E333-8FDC-42A3-9474-1A3956D46DE8}") = "Interface", "Interface", "{DEA0F83D-9E8D-42C7-93B1-A10FF452D4C7}"
EndProject
Project("{2150E333-8FDC-42A3-9474-1A3956D46DE8}") = "Infrastructure", "Infrastructure", "{E2E535F9-679F-48A7-8C82-A6974FECF2FA}"
EndProject
Project("{2150E333-8FDC-42A3-9474-1A3956D46DE8}") = "Domain", "Domain", "{288A9B59-26A0-4D1D-B141-FC88049C03C3}"
EndProject
Project("{2150E333-8FDC-42A3-9474-1A3956D46DE8}") = "Tests", "Tests", "{90EF6069-E501-422B-9EB3-5C77802D5415}"
EndProject
Project("{FAE04EC0-301F-11D3-BF4B-00C04F79EFBC}") = "iParty.Services.Domain", "iParty.Services.Domain\iParty.Services.Domain.csproj", "{AF948EE0-46EB-446A-9987-36390BCDCF7C}"
EndProject
Project("{FAE04EC0-301F-11D3-BF4B-00C04F79EFBC}") = "iParty.Services.Entity", "iParty.Services.Entity\iParty.Services.Entity.csproj", "{22A808AC-CB6B-4B70-B206-47E284E6CE76}"
EndProject
Project("{00D1A9C2-B5F0-4AF3-8072-F6C62B433612}") = "iParty.Services.Database", "iParty.Services.Database\iParty.Services.Database.sqlproj", "{2C0AEC3C-A7A1-40AA-99B7-D3E79E294BF1}"
EndProject
Project("{FAE04EC0-301F-11D3-BF4B-00C04F79EFBC}") = "iParty.Services.Impl", "iParty.Services.Impl\iParty.Services.Impl.csproj", "{D1914543-D6AF-4B95-A11F-41F4BD5BE4F6}"
EndProject
Project("{FAE04EC0-301F-11D3-BF4B-00C04F79EFBC}") = "iParty.Services.Infrastructure", "iParty.Services.Infrastructure\iParty.Services.Infrastructure.csproj", "{DC46AA6E-7218-4262-AFFB-78E70DF5CCF1}"
EndProject
Project("{FAE04EC0-301F-11D3-BF4B-00C04F79EFBC}") = "iParty.Services.Validator", "iParty.Services.Validator\iParty.Services.Validator.csproj", "{0B21996B-BD9A-4270-A23B-0FB0B88539BF}"
EndProject
Project("{FAE04EC0-301F-11D3-BF4B-00C04F79EFBC}") = "iParty.Services.Contract", "iParty.Services.Contract\iParty.Services.Contract.csproj", "{5A086A55-9E40-4B4E-941A-A19E708AD55C}"
EndProject
Project("{FAE04EC0-301F-11D3-BF4B-00C04F79EFBC}") = "iParty.Services.Interface", "iParty.Services.Interface\iParty.Services.Interface.csproj", "{BC911808-F176-4C71-8609-88C462F9FB70}"
EndProject
Project("{FAE04EC0-301F-11D3-BF4B-00C04F79EFBC}") = "iParty.Services.IntegrationTests", "iParty.Services.IntegrationTests\iParty.Services.IntegrationTests.csproj", "{7F63B73E-D204-4F59-83D6-F6AE5C5EC412}"
EndProject
Project("{FAE04EC0-301F-11D3-BF4B-00C04F79EFBC}") = "iParty.Services.Host", "iParty.Services.Host\iParty.Services.Host.csproj", "{D92CE87B-95E8-42A6-8784-3C01182ABCD6}"
EndProject
Project("{FAE04EC0-301F-11D3-BF4B-00C04F79EFBC}") = "iParty.Services.Sample", "iParty.Services.Sample\iParty.Services.Sample.csproj", "{62D87F02-FBC0-4441-9EA8-4D638E6E1ADB}"
EndProject
Project("{FAE04EC0-301F-11D3-BF4B-00C04F79EFBC}") = "iParty.Services.ORM", "iParty.Services.ORM\iParty.Services.ORM.csproj", "{7EB75C09-738C-4D61-9F48-C76DD95C9556}"
EndProject
Project("{2150E333-8FDC-42A3-9474-1A3956D46DE8}") = "Solution Items", "Solution Items", "{59271730-0AD6-4850-A4AE-7904F65BFB9B}"
	ProjectSection(SolutionItems) = preProject
		Nlog\NLog.dll = Nlog\NLog.dll
		Nlog\NLog.xml = Nlog\NLog.xml
	EndProjectSection
EndProject
Global
	GlobalSection(TeamFoundationVersionControl) = preSolution
		SccNumberOfProjects = 13
		SccEnterpriseProvider = {4CA58AB2-18FA-4F8D-95D4-32DDF27D184C}
		SccTeamFoundationServer = http://tfs.mkcorp.com:8080/tfs/upgradedcollection
		SccLocalPath0 = .
		SccProjectUniqueName1 = iParty.Services.Domain\\iParty.Services.Domain.csproj
		SccProjectTopLevelParentUniqueName1 = iParty.Services.sln
		SccProjectName1 = iParty.Services.Domain
		SccLocalPath1 = iParty.Services.Domain
		SccProjectUniqueName2 = iParty.Services.Entity\\iParty.Services.Entity.csproj
		SccProjectTopLevelParentUniqueName2 = iParty.Services.sln
		SccProjectName2 = iParty.Services.Entity
		SccLocalPath2 = iParty.Services.Entity
		SccProjectUniqueName3 = iParty.Services.Database\\iParty.Services.Database.sqlproj
		SccProjectTopLevelParentUniqueName3 = iParty.Services.sln
		SccProjectName3 = iParty.Services.Database
		SccLocalPath3 = iParty.Services.Database
		SccProjectUniqueName4 = iParty.Services.Impl\\iParty.Services.Impl.csproj
		SccProjectTopLevelParentUniqueName4 = iParty.Services.sln
		SccProjectName4 = iParty.Services.Impl
		SccLocalPath4 = iParty.Services.Impl
		SccProjectUniqueName5 = iParty.Services.Infrastructure\\iParty.Services.Infrastructure.csproj
		SccProjectTopLevelParentUniqueName5 = iParty.Services.sln
		SccProjectName5 = iParty.Services.Infrastructure
		SccLocalPath5 = iParty.Services.Infrastructure
		SccProjectUniqueName6 = iParty.Services.Validator\\iParty.Services.Validator.csproj
		SccProjectTopLevelParentUniqueName6 = iParty.Services.sln
		SccProjectName6 = iParty.Services.Validator
		SccLocalPath6 = iParty.Services.Validator
		SccProjectUniqueName7 = iParty.Services.Contract\\iParty.Services.Contract.csproj
		SccProjectTopLevelParentUniqueName7 = iParty.Services.sln
		SccProjectName7 = iParty.Services.Contract
		SccLocalPath7 = iParty.Services.Contract
		SccProjectUniqueName8 = iParty.Services.Interface\\iParty.Services.Interface.csproj
		SccProjectTopLevelParentUniqueName8 = iParty.Services.sln
		SccProjectName8 = iParty.Services.Interface
		SccLocalPath8 = iParty.Services.Interface
		SccProjectUniqueName9 = iParty.Services.IntegrationTests\\iParty.Services.IntegrationTests.csproj
		SccProjectTopLevelParentUniqueName9 = iParty.Services.sln
		SccProjectName9 = iParty.Services.IntegrationTests
		SccLocalPath9 = iParty.Services.IntegrationTests
		SccProjectUniqueName10 = iParty.Services.Host\\iParty.Services.Host.csproj
		SccProjectName10 = iParty.Services.Host
		SccLocalPath10 = iParty.Services.Host
		SccProjectUniqueName11 = iParty.Services.Sample\\iParty.Services.Sample.csproj
		SccProjectTopLevelParentUniqueName11 = iParty.Services.sln
		SccProjectName11 = iParty.Services.Sample
		SccLocalPath11 = iParty.Services.Sample
		SccProjectUniqueName12 = iParty.Services.ORM\\iParty.Services.ORM.csproj
		SccProjectTopLevelParentUniqueName12 = iParty.Services.sln
		SccProjectName12 = iParty.Services.ORM
		SccLocalPath12 = iParty.Services.ORM
	EndGlobalSection
	GlobalSection(SolutionConfigurationPlatforms) = preSolution
		Debug|Any CPU = Debug|Any CPU
		Release|Any CPU = Release|Any CPU
	EndGlobalSection
	GlobalSection(ProjectConfigurationPlatforms) = postSolution
		{AF948EE0-46EB-446A-9987-36390BCDCF7C}.Debug|Any CPU.ActiveCfg = Debug|Any CPU
		{AF948EE0-46EB-446A-9987-36390BCDCF7C}.Debug|Any CPU.Build.0 = Debug|Any CPU
		{AF948EE0-46EB-446A-9987-36390BCDCF7C}.Release|Any CPU.ActiveCfg = Release|Any CPU
		{AF948EE0-46EB-446A-9987-36390BCDCF7C}.Release|Any CPU.Build.0 = Release|Any CPU
		{22A808AC-CB6B-4B70-B206-47E284E6CE76}.Debug|Any CPU.ActiveCfg = Debug|Any CPU
		{22A808AC-CB6B-4B70-B206-47E284E6CE76}.Debug|Any CPU.Build.0 = Debug|Any CPU
		{22A808AC-CB6B-4B70-B206-47E284E6CE76}.Release|Any CPU.ActiveCfg = Release|Any CPU
		{22A808AC-CB6B-4B70-B206-47E284E6CE76}.Release|Any CPU.Build.0 = Release|Any CPU
		{2C0AEC3C-A7A1-40AA-99B7-D3E79E294BF1}.Debug|Any CPU.ActiveCfg = Debug|Any CPU
		{2C0AEC3C-A7A1-40AA-99B7-D3E79E294BF1}.Release|Any CPU.ActiveCfg = Release|Any CPU
		{2C0AEC3C-A7A1-40AA-99B7-D3E79E294BF1}.Release|Any CPU.Build.0 = Release|Any CPU
		{2C0AEC3C-A7A1-40AA-99B7-D3E79E294BF1}.Release|Any CPU.Deploy.0 = Release|Any CPU
		{D1914543-D6AF-4B95-A11F-41F4BD5BE4F6}.Debug|Any CPU.ActiveCfg = Debug|Any CPU
		{D1914543-D6AF-4B95-A11F-41F4BD5BE4F6}.Debug|Any CPU.Build.0 = Debug|Any CPU
		{D1914543-D6AF-4B95-A11F-41F4BD5BE4F6}.Release|Any CPU.ActiveCfg = Release|Any CPU
		{D1914543-D6AF-4B95-A11F-41F4BD5BE4F6}.Release|Any CPU.Build.0 = Release|Any CPU
		{DC46AA6E-7218-4262-AFFB-78E70DF5CCF1}.Debug|Any CPU.ActiveCfg = Debug|Any CPU
		{DC46AA6E-7218-4262-AFFB-78E70DF5CCF1}.Debug|Any CPU.Build.0 = Debug|Any CPU
		{DC46AA6E-7218-4262-AFFB-78E70DF5CCF1}.Release|Any CPU.ActiveCfg = Release|Any CPU
		{DC46AA6E-7218-4262-AFFB-78E70DF5CCF1}.Release|Any CPU.Build.0 = Release|Any CPU
		{0B21996B-BD9A-4270-A23B-0FB0B88539BF}.Debug|Any CPU.ActiveCfg = Debug|Any CPU
		{0B21996B-BD9A-4270-A23B-0FB0B88539BF}.Debug|Any CPU.Build.0 = Debug|Any CPU
		{0B21996B-BD9A-4270-A23B-0FB0B88539BF}.Release|Any CPU.ActiveCfg = Release|Any CPU
		{0B21996B-BD9A-4270-A23B-0FB0B88539BF}.Release|Any CPU.Build.0 = Release|Any CPU
		{5A086A55-9E40-4B4E-941A-A19E708AD55C}.Debug|Any CPU.ActiveCfg = Debug|Any CPU
		{5A086A55-9E40-4B4E-941A-A19E708AD55C}.Debug|Any CPU.Build.0 = Debug|Any CPU
		{5A086A55-9E40-4B4E-941A-A19E708AD55C}.Release|Any CPU.ActiveCfg = Release|Any CPU
		{5A086A55-9E40-4B4E-941A-A19E708AD55C}.Release|Any CPU.Build.0 = Release|Any CPU
		{BC911808-F176-4C71-8609-88C462F9FB70}.Debug|Any CPU.ActiveCfg = Debug|Any CPU
		{BC911808-F176-4C71-8609-88C462F9FB70}.Debug|Any CPU.Build.0 = Debug|Any CPU
		{BC911808-F176-4C71-8609-88C462F9FB70}.Release|Any CPU.ActiveCfg = Release|Any CPU
		{BC911808-F176-4C71-8609-88C462F9FB70}.Release|Any CPU.Build.0 = Release|Any CPU
		{7F63B73E-D204-4F59-83D6-F6AE5C5EC412}.Debug|Any CPU.ActiveCfg = Debug|Any CPU
		{7F63B73E-D204-4F59-83D6-F6AE5C5EC412}.Debug|Any CPU.Build.0 = Debug|Any CPU
		{7F63B73E-D204-4F59-83D6-F6AE5C5EC412}.Release|Any CPU.ActiveCfg = Release|Any CPU
		{7F63B73E-D204-4F59-83D6-F6AE5C5EC412}.Release|Any CPU.Build.0 = Release|Any CPU
		{D92CE87B-95E8-42A6-8784-3C01182ABCD6}.Debug|Any CPU.ActiveCfg = Debug|Any CPU
		{D92CE87B-95E8-42A6-8784-3C01182ABCD6}.Debug|Any CPU.Build.0 = Debug|Any CPU
		{D92CE87B-95E8-42A6-8784-3C01182ABCD6}.Release|Any CPU.ActiveCfg = Release|Any CPU
		{D92CE87B-95E8-42A6-8784-3C01182ABCD6}.Release|Any CPU.Build.0 = Release|Any CPU
		{62D87F02-FBC0-4441-9EA8-4D638E6E1ADB}.Debug|Any CPU.ActiveCfg = Debug|Any CPU
		{62D87F02-FBC0-4441-9EA8-4D638E6E1ADB}.Debug|Any CPU.Build.0 = Debug|Any CPU
		{62D87F02-FBC0-4441-9EA8-4D638E6E1ADB}.Release|Any CPU.ActiveCfg = Release|Any CPU
		{62D87F02-FBC0-4441-9EA8-4D638E6E1ADB}.Release|Any CPU.Build.0 = Release|Any CPU
		{7EB75C09-738C-4D61-9F48-C76DD95C9556}.Debug|Any CPU.ActiveCfg = Debug|Any CPU
		{7EB75C09-738C-4D61-9F48-C76DD95C9556}.Debug|Any CPU.Build.0 = Debug|Any CPU
		{7EB75C09-738C-4D61-9F48-C76DD95C9556}.Release|Any CPU.ActiveCfg = Release|Any CPU
		{7EB75C09-738C-4D61-9F48-C76DD95C9556}.Release|Any CPU.Build.0 = Release|Any CPU
	EndGlobalSection
	GlobalSection(SolutionProperties) = preSolution
		HideSolutionNode = FALSE
	EndGlobalSection
	GlobalSection(NestedProjects) = preSolution
		{22A808AC-CB6B-4B70-B206-47E284E6CE76} = {DEA0F83D-9E8D-42C7-93B1-A10FF452D4C7}
		{5A086A55-9E40-4B4E-941A-A19E708AD55C} = {DEA0F83D-9E8D-42C7-93B1-A10FF452D4C7}
		{BC911808-F176-4C71-8609-88C462F9FB70} = {DEA0F83D-9E8D-42C7-93B1-A10FF452D4C7}
		{2C0AEC3C-A7A1-40AA-99B7-D3E79E294BF1} = {E2E535F9-679F-48A7-8C82-A6974FECF2FA}
		{D1914543-D6AF-4B95-A11F-41F4BD5BE4F6} = {E2E535F9-679F-48A7-8C82-A6974FECF2FA}
		{DC46AA6E-7218-4262-AFFB-78E70DF5CCF1} = {E2E535F9-679F-48A7-8C82-A6974FECF2FA}
		{0B21996B-BD9A-4270-A23B-0FB0B88539BF} = {E2E535F9-679F-48A7-8C82-A6974FECF2FA}
		{62D87F02-FBC0-4441-9EA8-4D638E6E1ADB} = {E2E535F9-679F-48A7-8C82-A6974FECF2FA}
		{7EB75C09-738C-4D61-9F48-C76DD95C9556} = {E2E535F9-679F-48A7-8C82-A6974FECF2FA}
		{AF948EE0-46EB-446A-9987-36390BCDCF7C} = {288A9B59-26A0-4D1D-B141-FC88049C03C3}
		{7F63B73E-D204-4F59-83D6-F6AE5C5EC412} = {90EF6069-E501-422B-9EB3-5C77802D5415}
	EndGlobalSection
EndGlobal
