
Microsoft Visual Studio Solution File, Format Version 12.00
# Visual Studio 2012
Project("{FAE04EC0-301F-11D3-BF4B-00C04F79EFBC}") = "IParty.RegisterCustomer.Mobile", "IParty.RegisterCustomer.Mobile\IParty.RegisterCustomer.Mobile.csproj", "{ABF257AC-A573-42E7-A53E-2A3F798C9751}"
EndProject
Global
	GlobalSection(TeamFoundationVersionControl) = preSolution
		SccNumberOfProjects = 2
		SccEnterpriseProvider = {4CA58AB2-18FA-4F8D-95D4-32DDF27D184C}
		SccTeamFoundationServer = http://tfs.mkcorp.com:8080/tfs/upgradedcollection
		SccLocalPath0 = .
		SccProjectUniqueName1 = IParty.RegisterCustomer.Mobile\\IParty.RegisterCustomer.Mobile.csproj
		SccProjectName1 = IParty.RegisterCustomer.Mobile
		SccLocalPath1 = IParty.RegisterCustomer.Mobile
	EndGlobalSection
	GlobalSection(SolutionConfigurationPlatforms) = preSolution
		Debug|Any CPU = Debug|Any CPU
		Release|Any CPU = Release|Any CPU
	EndGlobalSection
	GlobalSection(ProjectConfigurationPlatforms) = postSolution
		{ABF257AC-A573-42E7-A53E-2A3F798C9751}.Debug|Any CPU.ActiveCfg = Debug|Any CPU
		{ABF257AC-A573-42E7-A53E-2A3F798C9751}.Debug|Any CPU.Build.0 = Debug|Any CPU
		{ABF257AC-A573-42E7-A53E-2A3F798C9751}.Release|Any CPU.ActiveCfg = Release|Any CPU
		{ABF257AC-A573-42E7-A53E-2A3F798C9751}.Release|Any CPU.Build.0 = Release|Any CPU
	EndGlobalSection
	GlobalSection(SolutionProperties) = preSolution
		HideSolutionNode = FALSE
	EndGlobalSection
EndGlobal
