
Microsoft Visual Studio Solution File, Format Version 12.00
# Visual Studio 2013
VisualStudioVersion = 12.0.31101.0
MinimumVisualStudioVersion = 10.0.40219.1
Project("{FAE04EC0-301F-11D3-BF4B-00C04F79EFBC}") = "PinkBus_QRcode", "PinkBus_QRcode\PinkBus_QRcode.csproj", "{BB5AB919-DE81-4594-A938-A1192F26984B}"
EndProject
Global
	GlobalSection(TeamFoundationVersionControl) = preSolution
		SccNumberOfProjects = 2
		SccEnterpriseProvider = {4CA58AB2-18FA-4F8D-95D4-32DDF27D184C}
		SccTeamFoundationServer = http://tfs.mkcorp.com:8080/tfs/upgradedcollection
		SccLocalPath0 = .
		SccProjectUniqueName1 = PinkBus_QRcode\\PinkBus_QRcode.csproj
		SccProjectName1 = PinkBus_QRcode
		SccLocalPath1 = PinkBus_QRcode
	EndGlobalSection
	GlobalSection(SolutionConfigurationPlatforms) = preSolution
		Debug|Any CPU = Debug|Any CPU
		Release|Any CPU = Release|Any CPU
	EndGlobalSection
	GlobalSection(ProjectConfigurationPlatforms) = postSolution
		{BB5AB919-DE81-4594-A938-A1192F26984B}.Debug|Any CPU.ActiveCfg = Debug|Any CPU
		{BB5AB919-DE81-4594-A938-A1192F26984B}.Debug|Any CPU.Build.0 = Debug|Any CPU
		{BB5AB919-DE81-4594-A938-A1192F26984B}.Release|Any CPU.ActiveCfg = Release|Any CPU
		{BB5AB919-DE81-4594-A938-A1192F26984B}.Release|Any CPU.Build.0 = Release|Any CPU
	EndGlobalSection
	GlobalSection(SolutionProperties) = preSolution
		HideSolutionNode = FALSE
	EndGlobalSection
EndGlobal
