
Microsoft Visual Studio Solution File, Format Version 12.00
# Visual Studio 2012
Project("{FAE04EC0-301F-11D3-BF4B-00C04F79EFBC}") = "PinkBus.ApplyBCTicket.WindowsService", "PinkBus.ApplyBCTicket.WindowsService\PinkBus.ApplyBCTicket.WindowsService.csproj", "{46CE0FE6-9196-46F0-862B-F52822137424}"
EndProject
Project("{FAE04EC0-301F-11D3-BF4B-00C04F79EFBC}") = "PinkBus.ApplyBCTicket.WindowsService.Test", "PinkBus.ApplyBCTicket.WindowsService.Test\PinkBus.ApplyBCTicket.WindowsService.Test.csproj", "{B344820A-05AA-4A01-91B8-2780C587AACB}"
EndProject
Project("{2150E333-8FDC-42A3-9474-1A3956D46DE8}") = "Dlls", "Dlls", "{CF03F54F-1852-4B3D-A72E-8471C0FA989E}"
	ProjectSection(SolutionItems) = preProject
		LocalDLL\MaryKay.ServiceHost.Workers.dll = LocalDLL\MaryKay.ServiceHost.Workers.dll
		LocalDLL\MkCore.dll = LocalDLL\MkCore.dll
	EndProjectSection
EndProject
Global
	GlobalSection(TeamFoundationVersionControl) = preSolution
		SccNumberOfProjects = 3
		SccEnterpriseProvider = {4CA58AB2-18FA-4F8D-95D4-32DDF27D184C}
		SccTeamFoundationServer = http://tfs.mkcorp.com:8080/tfs/upgradedcollection
		SccLocalPath0 = .
		SccProjectUniqueName1 = PinkBus.ApplyBCTicket.WindowsService.Test\\PinkBus.ApplyBCTicket.WindowsService.Test.csproj
		SccProjectName1 = PinkBus.ApplyBCTicket.WindowsService.Test
		SccLocalPath1 = PinkBus.ApplyBCTicket.WindowsService.Test
		SccProjectUniqueName2 = PinkBus.ApplyBCTicket.WindowsService\\PinkBus.ApplyBCTicket.WindowsService.csproj
		SccProjectName2 = PinkBus.ApplyBCTicket.WindowsService
		SccLocalPath2 = PinkBus.ApplyBCTicket.WindowsService
	EndGlobalSection
	GlobalSection(SolutionConfigurationPlatforms) = preSolution
		Debug|Any CPU = Debug|Any CPU
		Release|Any CPU = Release|Any CPU
	EndGlobalSection
	GlobalSection(ProjectConfigurationPlatforms) = postSolution
		{46CE0FE6-9196-46F0-862B-F52822137424}.Debug|Any CPU.ActiveCfg = Debug|Any CPU
		{46CE0FE6-9196-46F0-862B-F52822137424}.Debug|Any CPU.Build.0 = Debug|Any CPU
		{46CE0FE6-9196-46F0-862B-F52822137424}.Release|Any CPU.ActiveCfg = Release|Any CPU
		{46CE0FE6-9196-46F0-862B-F52822137424}.Release|Any CPU.Build.0 = Release|Any CPU
		{B344820A-05AA-4A01-91B8-2780C587AACB}.Debug|Any CPU.ActiveCfg = Debug|Any CPU
		{B344820A-05AA-4A01-91B8-2780C587AACB}.Debug|Any CPU.Build.0 = Debug|Any CPU
		{B344820A-05AA-4A01-91B8-2780C587AACB}.Release|Any CPU.ActiveCfg = Release|Any CPU
		{B344820A-05AA-4A01-91B8-2780C587AACB}.Release|Any CPU.Build.0 = Release|Any CPU
	EndGlobalSection
	GlobalSection(SolutionProperties) = preSolution
		HideSolutionNode = FALSE
	EndGlobalSection
EndGlobal
