
Microsoft Visual Studio Solution File, Format Version 12.00
# Visual Studio 2012
Project("{FAE04EC0-301F-11D3-BF4B-00C04F79EFBC}") = "PinkBus.Resource", "PinkBus.Resource\PinkBus.Resource.csproj", "{7746CA20-5D95-4FF7-B940-3358BE5CD5B0}"
EndProject
Global
	GlobalSection(TeamFoundationVersionControl) = preSolution
		SccNumberOfProjects = 2
		SccEnterpriseProvider = {4CA58AB2-18FA-4F8D-95D4-32DDF27D184C}
		SccTeamFoundationServer = http://tfs.mkcorp.com:8080/tfs/upgradedcollection
		SccLocalPath0 = .
		SccProjectUniqueName1 = PinkBus.Resource\\PinkBus.Resource.csproj
		SccProjectName1 = PinkBus.Resource
		SccLocalPath1 = PinkBus.Resource
	EndGlobalSection
	GlobalSection(SolutionConfigurationPlatforms) = preSolution
		Debug|Any CPU = Debug|Any CPU
		Release|Any CPU = Release|Any CPU
	EndGlobalSection
	GlobalSection(ProjectConfigurationPlatforms) = postSolution
		{7746CA20-5D95-4FF7-B940-3358BE5CD5B0}.Debug|Any CPU.ActiveCfg = Debug|Any CPU
		{7746CA20-5D95-4FF7-B940-3358BE5CD5B0}.Debug|Any CPU.Build.0 = Debug|Any CPU
		{7746CA20-5D95-4FF7-B940-3358BE5CD5B0}.Release|Any CPU.ActiveCfg = Release|Any CPU
		{7746CA20-5D95-4FF7-B940-3358BE5CD5B0}.Release|Any CPU.Build.0 = Release|Any CPU
	EndGlobalSection
	GlobalSection(SolutionProperties) = preSolution
		HideSolutionNode = FALSE
	EndGlobalSection
EndGlobal
