
Microsoft Visual Studio Solution File, Format Version 12.00
# Visual Studio 2012
Project("{FAE04EC0-301F-11D3-BF4B-00C04F79EFBC}") = "Iparty.SigninUpload", "Iparty.SigninUpload\Iparty.SigninUpload.csproj", "{38E51828-8EF7-4C5C-8C22-2FFE02E56292}"
EndProject
Global
	GlobalSection(TeamFoundationVersionControl) = preSolution
		SccNumberOfProjects = 2
		SccEnterpriseProvider = {4CA58AB2-18FA-4F8D-95D4-32DDF27D184C}
		SccTeamFoundationServer = http://tfs.mkcorp.com:8080/tfs/upgradedcollection
		SccLocalPath0 = .
		SccProjectUniqueName1 = Iparty.SigninUpload\\Iparty.SigninUpload.csproj
		SccProjectName1 = Iparty.SigninUpload
		SccLocalPath1 = Iparty.SigninUpload
	EndGlobalSection
	GlobalSection(SolutionConfigurationPlatforms) = preSolution
		Debug|Any CPU = Debug|Any CPU
		Release|Any CPU = Release|Any CPU
	EndGlobalSection
	GlobalSection(ProjectConfigurationPlatforms) = postSolution
		{38E51828-8EF7-4C5C-8C22-2FFE02E56292}.Debug|Any CPU.ActiveCfg = Debug|Any CPU
		{38E51828-8EF7-4C5C-8C22-2FFE02E56292}.Debug|Any CPU.Build.0 = Debug|Any CPU
		{38E51828-8EF7-4C5C-8C22-2FFE02E56292}.Release|Any CPU.ActiveCfg = Release|Any CPU
		{38E51828-8EF7-4C5C-8C22-2FFE02E56292}.Release|Any CPU.Build.0 = Release|Any CPU
	EndGlobalSection
	GlobalSection(SolutionProperties) = preSolution
		HideSolutionNode = FALSE
	EndGlobalSection
EndGlobal
